github.com/DATA-DOG/go-sqlmock v1.3.3 h1:CWUqKXe0s8A2z6qCgkP4Kru7wC11YoAnoupUKFDnH08=
github.com/DATA-DOG/go-sqlmock v1.3.3/go.mod h1:f/Ixk793poVmq4qj/V1dPUg2JEAKC73Q5eFN3EC/SaM=
github.com/lucasb-eyer/go-colorful v1.0.1 h1:nKJRBvZWPzvkwB4sY8A3U4zgqLf2Y9c02yzPsbXu/5c=
github.com/lucasb-eyer/go-colorful v1.0.1/go.mod h1:tLy1nWSoU0DGtxQyNRrUmb6PUiB7usbds6gd97XTXwA=
golang.org/x/exp v0.0.0-20180321215751-8460e604b9de/go.mod h1:CJ0aWSM057203Lf6IL+f9T1iT9GByDxfZKAQTCR3kQA=
golang.org/x/exp v0.0.0-20181126101451-2f5b2f669861 h1:pvYkvPivomMicM3FF8YchMfIgN1GHfYZO1IMVVwfXBA=
golang.org/x/exp v0.0.0-20181126101451-2f5b2f669861/go.mod h1:CJ0aWSM057203Lf6IL+f9T1iT9GByDxfZKAQTCR3kQA=
golang.org/x/tools v0.0.0-20180525024113-a5b4c53f6e8b/go.mod h1:n7NCudcB/nEzxVGmLbDWY5pfWTLqBcC2KZ6jyYvM4mQ=
gonum.org/v1/gonum v0.0.0-20181125185008-b630de2f2264 h1:e+408NfCql/owBBgwtbsdovw1Wfip09D0wBVggxTJyw=
gonum.org/v1/gonum v0.0.0-20181125185008-b630de2f2264/go.mod h1:Y+Yx5eoAFn32cQvJDxZx5Dpnq+c3wtXuadVZAcxbbBo=
gonum.org/v1/netlib v0.0.0-20181029234149-ec6d1f5cefe6 h1:4WsZyVtkthqrHTbDCJfiTs8IWNYE4uvsSDgaV6xpp+o=
gonum.org/v1/netlib v0.0.0-20181029234149-ec6d1f5cefe6/go.mod h1:wa6Ws7BG/ESfp6dHfk7C6KdzKA7wR7u/rKwOGE66zvw=
gopkg.in/DATA-DOG/go-sqlmock.v1 v1.3.0 h1:FVCohIoYO7IJoDDVpV2pdq7SgrMH6wHnuTyrdrxJNoY=
gopkg.in/DATA-DOG/go-sqlmock.v1 v1.3.0/go.mod h1:OdE7CF6DbADk7lN8LIKRzRJTTZXIjtWgA5THM5lhBAw=
